// !$*UTF8*$!
{
	archiveVersion = 1;
	classes = {
	};
	objectVersion = 50;
	objects = {

/* Begin PBXBuildFile section */
		AB31FCC2256170B6001B1D74 /* AppDelegate.swift in Sources */ = {isa = PBXBuildFile; fileRef = AB31FCC1256170B6001B1D74 /* AppDelegate.swift */; };
		AB31FCC4256170B6001B1D74 /* SceneDelegate.swift in Sources */ = {isa = PBXBuildFile; fileRef = AB31FCC3256170B6001B1D74 /* SceneDelegate.swift */; };
		AB31FCC6256170B6001B1D74 /* ViewController.swift in Sources */ = {isa = PBXBuildFile; fileRef = AB31FCC5256170B6001B1D74 /* ViewController.swift */; };
		AB31FCC9256170B6001B1D74 /* Main.storyboard in Resources */ = {isa = PBXBuildFile; fileRef = AB31FCC7256170B6001B1D74 /* Main.storyboard */; };
		AB31FCCB256170BB001B1D74 /* Assets.xcassets in Resources */ = {isa = PBXBuildFile; fileRef = AB31FCCA256170BB001B1D74 /* Assets.xcassets */; };
		AB31FCCE256170BB001B1D74 /* LaunchScreen.storyboard in Resources */ = {isa = PBXBuildFile; fileRef = AB31FCCC256170BB001B1D74 /* LaunchScreen.storyboard */; };
		AB31FCD9256170BC001B1D74 /* LearnUnitTestingTests.swift in Sources */ = {isa = PBXBuildFile; fileRef = AB31FCD8256170BC001B1D74 /* LearnUnitTestingTests.swift */; };
		AB31FCE4256170BC001B1D74 /* LearnUnitTestingUITests.swift in Sources */ = {isa = PBXBuildFile; fileRef = AB31FCE3256170BC001B1D74 /* LearnUnitTestingUITests.swift */; };
		AB3CB61D2569214000DAC024 /* MockURLProtocol.swift in Sources */ = {isa = PBXBuildFile; fileRef = AB3CB61C2569214000DAC024 /* MockURLProtocol.swift */; };
		AB53CF1325625CCA00FFA86F /* SignupFormModelValidatorTests.swift in Sources */ = {isa = PBXBuildFile; fileRef = AB53CF1225625CCA00FFA86F /* SignupFormModelValidatorTests.swift */; };
		AB53CF162562834F00FFA86F /* SignupFormModelValidator.swift in Sources */ = {isa = PBXBuildFile; fileRef = AB53CF152562834F00FFA86F /* SignupFormModelValidator.swift */; };
		AB53CF1825628BEE00FFA86F /* SignupConstant.swift in Sources */ = {isa = PBXBuildFile; fileRef = AB53CF1725628BEE00FFA86F /* SignupConstant.swift */; };
		ABA44C00256916DE00C71639 /* SignupWebServiceTests.swift in Sources */ = {isa = PBXBuildFile; fileRef = ABA44BFF256916DE00C71639 /* SignupWebServiceTests.swift */; };
		ABA44C032569173900C71639 /* SignupWebService.swift in Sources */ = {isa = PBXBuildFile; fileRef = ABA44C022569173900C71639 /* SignupWebService.swift */; };
		ABA44C05256917E400C71639 /* SignupFormRequestModel.swift in Sources */ = {isa = PBXBuildFile; fileRef = ABA44C04256917E400C71639 /* SignupFormRequestModel.swift */; };
		ABA44C082569191000C71639 /* SignupResponseModel.swift in Sources */ = {isa = PBXBuildFile; fileRef = ABA44C072569191000C71639 /* SignupResponseModel.swift */; };
		ABA44C0A2569195C00C71639 /* SignupError.swift in Sources */ = {isa = PBXBuildFile; fileRef = ABA44C092569195C00C71639 /* SignupError.swift */; };
/* End PBXBuildFile section */

/* Begin PBXContainerItemProxy section */
		AB31FCD5256170BC001B1D74 /* PBXContainerItemProxy */ = {
			isa = PBXContainerItemProxy;
			containerPortal = AB31FCB6256170B6001B1D74 /* Project object */;
			proxyType = 1;
			remoteGlobalIDString = AB31FCBD256170B6001B1D74;
			remoteInfo = LearnUnitTesting;
		};
		AB31FCE0256170BC001B1D74 /* PBXContainerItemProxy */ = {
			isa = PBXContainerItemProxy;
			containerPortal = AB31FCB6256170B6001B1D74 /* Project object */;
			proxyType = 1;
			remoteGlobalIDString = AB31FCBD256170B6001B1D74;
			remoteInfo = LearnUnitTesting;
		};
/* End PBXContainerItemProxy section */

/* Begin PBXFileReference section */
		AB31FCBE256170B6001B1D74 /* LearnUnitTesting.app */ = {isa = PBXFileReference; explicitFileType = wrapper.application; includeInIndex = 0; path = LearnUnitTesting.app; sourceTree = BUILT_PRODUCTS_DIR; };
		AB31FCC1256170B6001B1D74 /* AppDelegate.swift */ = {isa = PBXFileReference; lastKnownFileType = sourcecode.swift; path = AppDelegate.swift; sourceTree = "<group>"; };
		AB31FCC3256170B6001B1D74 /* SceneDelegate.swift */ = {isa = PBXFileReference; lastKnownFileType = sourcecode.swift; path = SceneDelegate.swift; sourceTree = "<group>"; };
		AB31FCC5256170B6001B1D74 /* ViewController.swift */ = {isa = PBXFileReference; lastKnownFileType = sourcecode.swift; path = ViewController.swift; sourceTree = "<group>"; };
		AB31FCC8256170B6001B1D74 /* Base */ = {isa = PBXFileReference; lastKnownFileType = file.storyboard; name = Base; path = Base.lproj/Main.storyboard; sourceTree = "<group>"; };
		AB31FCCA256170BB001B1D74 /* Assets.xcassets */ = {isa = PBXFileReference; lastKnownFileType = folder.assetcatalog; path = Assets.xcassets; sourceTree = "<group>"; };
		AB31FCCD256170BB001B1D74 /* Base */ = {isa = PBXFileReference; lastKnownFileType = file.storyboard; name = Base; path = Base.lproj/LaunchScreen.storyboard; sourceTree = "<group>"; };
		AB31FCCF256170BB001B1D74 /* Info.plist */ = {isa = PBXFileReference; lastKnownFileType = text.plist.xml; path = Info.plist; sourceTree = "<group>"; };
		AB31FCD4256170BC001B1D74 /* LearnUnitTestingTests.xctest */ = {isa = PBXFileReference; explicitFileType = wrapper.cfbundle; includeInIndex = 0; path = LearnUnitTestingTests.xctest; sourceTree = BUILT_PRODUCTS_DIR; };
		AB31FCD8256170BC001B1D74 /* LearnUnitTestingTests.swift */ = {isa = PBXFileReference; lastKnownFileType = sourcecode.swift; path = LearnUnitTestingTests.swift; sourceTree = "<group>"; };
		AB31FCDA256170BC001B1D74 /* Info.plist */ = {isa = PBXFileReference; lastKnownFileType = text.plist.xml; path = Info.plist; sourceTree = "<group>"; };
		AB31FCDF256170BC001B1D74 /* LearnUnitTestingUITests.xctest */ = {isa = PBXFileReference; explicitFileType = wrapper.cfbundle; includeInIndex = 0; path = LearnUnitTestingUITests.xctest; sourceTree = BUILT_PRODUCTS_DIR; };
		AB31FCE3256170BC001B1D74 /* LearnUnitTestingUITests.swift */ = {isa = PBXFileReference; lastKnownFileType = sourcecode.swift; path = LearnUnitTestingUITests.swift; sourceTree = "<group>"; };
		AB31FCE5256170BC001B1D74 /* Info.plist */ = {isa = PBXFileReference; lastKnownFileType = text.plist.xml; path = Info.plist; sourceTree = "<group>"; };
		AB3CB61C2569214000DAC024 /* MockURLProtocol.swift */ = {isa = PBXFileReference; lastKnownFileType = sourcecode.swift; path = MockURLProtocol.swift; sourceTree = "<group>"; };
		AB53CF1225625CCA00FFA86F /* SignupFormModelValidatorTests.swift */ = {isa = PBXFileReference; lastKnownFileType = sourcecode.swift; path = SignupFormModelValidatorTests.swift; sourceTree = "<group>"; };
		AB53CF152562834F00FFA86F /* SignupFormModelValidator.swift */ = {isa = PBXFileReference; lastKnownFileType = sourcecode.swift; path = SignupFormModelValidator.swift; sourceTree = "<group>"; };
		AB53CF1725628BEE00FFA86F /* SignupConstant.swift */ = {isa = PBXFileReference; lastKnownFileType = sourcecode.swift; path = SignupConstant.swift; sourceTree = "<group>"; };
		ABA44BFF256916DE00C71639 /* SignupWebServiceTests.swift */ = {isa = PBXFileReference; lastKnownFileType = sourcecode.swift; path = SignupWebServiceTests.swift; sourceTree = "<group>"; };
		ABA44C022569173900C71639 /* SignupWebService.swift */ = {isa = PBXFileReference; lastKnownFileType = sourcecode.swift; path = SignupWebService.swift; sourceTree = "<group>"; };
		ABA44C04256917E400C71639 /* SignupFormRequestModel.swift */ = {isa = PBXFileReference; lastKnownFileType = sourcecode.swift; path = SignupFormRequestModel.swift; sourceTree = "<group>"; };
		ABA44C072569191000C71639 /* SignupResponseModel.swift */ = {isa = PBXFileReference; lastKnownFileType = sourcecode.swift; path = SignupResponseModel.swift; sourceTree = "<group>"; };
		ABA44C092569195C00C71639 /* SignupError.swift */ = {isa = PBXFileReference; lastKnownFileType = sourcecode.swift; path = SignupError.swift; sourceTree = "<group>"; };
/* End PBXFileReference section */

/* Begin PBXFrameworksBuildPhase section */
		AB31FCBB256170B6001B1D74 /* Frameworks */ = {
			isa = PBXFrameworksBuildPhase;
			buildActionMask = 2147483647;
			files = (
			);
			runOnlyForDeploymentPostprocessing = 0;
		};
		AB31FCD1256170BC001B1D74 /* Frameworks */ = {
			isa = PBXFrameworksBuildPhase;
			buildActionMask = 2147483647;
			files = (
			);
			runOnlyForDeploymentPostprocessing = 0;
		};
		AB31FCDC256170BC001B1D74 /* Frameworks */ = {
			isa = PBXFrameworksBuildPhase;
			buildActionMask = 2147483647;
			files = (
			);
			runOnlyForDeploymentPostprocessing = 0;
		};
/* End PBXFrameworksBuildPhase section */

/* Begin PBXGroup section */
		AB31FCB5256170B6001B1D74 = {
			isa = PBXGroup;
			children = (
				AB31FCC0256170B6001B1D74 /* LearnUnitTesting */,
				AB31FCD7256170BC001B1D74 /* LearnUnitTestingTests */,
				AB31FCE2256170BC001B1D74 /* LearnUnitTestingUITests */,
				AB31FCBF256170B6001B1D74 /* Products */,
			);
			sourceTree = "<group>";
		};
		AB31FCBF256170B6001B1D74 /* Products */ = {
			isa = PBXGroup;
			children = (
				AB31FCBE256170B6001B1D74 /* LearnUnitTesting.app */,
				AB31FCD4256170BC001B1D74 /* LearnUnitTestingTests.xctest */,
				AB31FCDF256170BC001B1D74 /* LearnUnitTestingUITests.xctest */,
			);
			name = Products;
			sourceTree = "<group>";
		};
		AB31FCC0256170B6001B1D74 /* LearnUnitTesting */ = {
			isa = PBXGroup;
			children = (
				AB53CF142562833300FFA86F /* Signup */,
				AB31FCC1256170B6001B1D74 /* AppDelegate.swift */,
				AB31FCC3256170B6001B1D74 /* SceneDelegate.swift */,
				AB31FCC7256170B6001B1D74 /* Main.storyboard */,
				AB31FCCA256170BB001B1D74 /* Assets.xcassets */,
				AB31FCCC256170BB001B1D74 /* LaunchScreen.storyboard */,
				AB31FCCF256170BB001B1D74 /* Info.plist */,
			);
			path = LearnUnitTesting;
			sourceTree = "<group>";
		};
		AB31FCD7256170BC001B1D74 /* LearnUnitTestingTests */ = {
			isa = PBXGroup;
			children = (
				ABA44C0C25691A6500C71639 /* Signup */,
				AB31FCD8256170BC001B1D74 /* LearnUnitTestingTests.swift */,
				AB31FCDA256170BC001B1D74 /* Info.plist */,
			);
			path = LearnUnitTestingTests;
			sourceTree = "<group>";
		};
		AB31FCE2256170BC001B1D74 /* LearnUnitTestingUITests */ = {
			isa = PBXGroup;
			children = (
				AB31FCE3256170BC001B1D74 /* LearnUnitTestingUITests.swift */,
				AB31FCE5256170BC001B1D74 /* Info.plist */,
			);
			path = LearnUnitTestingUITests;
			sourceTree = "<group>";
		};
		AB53CF142562833300FFA86F /* Signup */ = {
			isa = PBXGroup;
			children = (
				ABA44C012569172A00C71639 /* Network */,
				ABA44C0B25691A0F00C71639 /* Controllers */,
				ABA44C06256918FA00C71639 /* Models */,
			);
			path = Signup;
			sourceTree = "<group>";
		};
		ABA44C012569172A00C71639 /* Network */ = {
			isa = PBXGroup;
			children = (
				ABA44C022569173900C71639 /* SignupWebService.swift */,
			);
			path = Network;
			sourceTree = "<group>";
		};
		ABA44C06256918FA00C71639 /* Models */ = {
			isa = PBXGroup;
			children = (
				AB53CF152562834F00FFA86F /* SignupFormModelValidator.swift */,
				ABA44C04256917E400C71639 /* SignupFormRequestModel.swift */,
				ABA44C072569191000C71639 /* SignupResponseModel.swift */,
				AB53CF1725628BEE00FFA86F /* SignupConstant.swift */,
				ABA44C092569195C00C71639 /* SignupError.swift */,
			);
			path = Models;
			sourceTree = "<group>";
		};
		ABA44C0B25691A0F00C71639 /* Controllers */ = {
			isa = PBXGroup;
			children = (
				AB31FCC5256170B6001B1D74 /* ViewController.swift */,
			);
			path = Controllers;
			sourceTree = "<group>";
		};
		ABA44C0C25691A6500C71639 /* Signup */ = {
			isa = PBXGroup;
			children = (
				ABA44C0E25691A7400C71639 /* Models */,
				ABA44C0D25691A6B00C71639 /* Network */,
				AB3CB61C2569214000DAC024 /* MockURLProtocol.swift */,
			);
			path = Signup;
			sourceTree = "<group>";
		};
		ABA44C0D25691A6B00C71639 /* Network */ = {
			isa = PBXGroup;
			children = (
				ABA44BFF256916DE00C71639 /* SignupWebServiceTests.swift */,
			);
			path = Network;
			sourceTree = "<group>";
		};
		ABA44C0E25691A7400C71639 /* Models */ = {
			isa = PBXGroup;
			children = (
				AB53CF1225625CCA00FFA86F /* SignupFormModelValidatorTests.swift */,
			);
			path = Models;
			sourceTree = "<group>";
		};
/* End PBXGroup section */

/* Begin PBXNativeTarget section */
		AB31FCBD256170B6001B1D74 /* LearnUnitTesting */ = {
			isa = PBXNativeTarget;
			buildConfigurationList = AB31FCE8256170BC001B1D74 /* Build configuration list for PBXNativeTarget "LearnUnitTesting" */;
			buildPhases = (
				AB31FCBA256170B6001B1D74 /* Sources */,
				AB31FCBB256170B6001B1D74 /* Frameworks */,
				AB31FCBC256170B6001B1D74 /* Resources */,
			);
			buildRules = (
			);
			dependencies = (
			);
			name = LearnUnitTesting;
			productName = LearnUnitTesting;
			productReference = AB31FCBE256170B6001B1D74 /* LearnUnitTesting.app */;
			productType = "com.apple.product-type.application";
		};
		AB31FCD3256170BC001B1D74 /* LearnUnitTestingTests */ = {
			isa = PBXNativeTarget;
			buildConfigurationList = AB31FCEB256170BC001B1D74 /* Build configuration list for PBXNativeTarget "LearnUnitTestingTests" */;
			buildPhases = (
				AB31FCD0256170BC001B1D74 /* Sources */,
				AB31FCD1256170BC001B1D74 /* Frameworks */,
				AB31FCD2256170BC001B1D74 /* Resources */,
			);
			buildRules = (
			);
			dependencies = (
				AB31FCD6256170BC001B1D74 /* PBXTargetDependency */,
			);
			name = LearnUnitTestingTests;
			productName = LearnUnitTestingTests;
			productReference = AB31FCD4256170BC001B1D74 /* LearnUnitTestingTests.xctest */;
			productType = "com.apple.product-type.bundle.unit-test";
		};
		AB31FCDE256170BC001B1D74 /* LearnUnitTestingUITests */ = {
			isa = PBXNativeTarget;
			buildConfigurationList = AB31FCEE256170BC001B1D74 /* Build configuration list for PBXNativeTarget "LearnUnitTestingUITests" */;
			buildPhases = (
				AB31FCDB256170BC001B1D74 /* Sources */,
				AB31FCDC256170BC001B1D74 /* Frameworks */,
				AB31FCDD256170BC001B1D74 /* Resources */,
			);
			buildRules = (
			);
			dependencies = (
				AB31FCE1256170BC001B1D74 /* PBXTargetDependency */,
			);
			name = LearnUnitTestingUITests;
			productName = LearnUnitTestingUITests;
			productReference = AB31FCDF256170BC001B1D74 /* LearnUnitTestingUITests.xctest */;
			productType = "com.apple.product-type.bundle.ui-testing";
		};
/* End PBXNativeTarget section */

/* Begin PBXProject section */
		AB31FCB6256170B6001B1D74 /* Project object */ = {
			isa = PBXProject;
			attributes = {
				LastSwiftUpdateCheck = 1160;
				LastUpgradeCheck = 1160;
				ORGANIZATIONNAME = nabilla;
				TargetAttributes = {
					AB31FCBD256170B6001B1D74 = {
						CreatedOnToolsVersion = 11.6;
					};
					AB31FCD3256170BC001B1D74 = {
						CreatedOnToolsVersion = 11.6;
						TestTargetID = AB31FCBD256170B6001B1D74;
					};
					AB31FCDE256170BC001B1D74 = {
						CreatedOnToolsVersion = 11.6;
						TestTargetID = AB31FCBD256170B6001B1D74;
					};
				};
			};
			buildConfigurationList = AB31FCB9256170B6001B1D74 /* Build configuration list for PBXProject "LearnUnitTesting" */;
			compatibilityVersion = "Xcode 9.3";
			developmentRegion = en;
			hasScannedForEncodings = 0;
			knownRegions = (
				en,
				Base,
			);
			mainGroup = AB31FCB5256170B6001B1D74;
			productRefGroup = AB31FCBF256170B6001B1D74 /* Products */;
			projectDirPath = "";
			projectRoot = "";
			targets = (
				AB31FCBD256170B6001B1D74 /* LearnUnitTesting */,
				AB31FCD3256170BC001B1D74 /* LearnUnitTestingTests */,
				AB31FCDE256170BC001B1D74 /* LearnUnitTestingUITests */,
			);
		};
/* End PBXProject section */

/* Begin PBXResourcesBuildPhase section */
		AB31FCBC256170B6001B1D74 /* Resources */ = {
			isa = PBXResourcesBuildPhase;
			buildActionMask = 2147483647;
			files = (
				AB31FCCE256170BB001B1D74 /* LaunchScreen.storyboard in Resources */,
				AB31FCCB256170BB001B1D74 /* Assets.xcassets in Resources */,
				AB31FCC9256170B6001B1D74 /* Main.storyboard in Resources */,
			);
			runOnlyForDeploymentPostprocessing = 0;
		};
		AB31FCD2256170BC001B1D74 /* Resources */ = {
			isa = PBXResourcesBuildPhase;
			buildActionMask = 2147483647;
			files = (
			);
			runOnlyForDeploymentPostprocessing = 0;
		};
		AB31FCDD256170BC001B1D74 /* Resources */ = {
			isa = PBXResourcesBuildPhase;
			buildActionMask = 2147483647;
			files = (
			);
			runOnlyForDeploymentPostprocessing = 0;
		};
/* End PBXResourcesBuildPhase section */

/* Begin PBXSourcesBuildPhase section */
		AB31FCBA256170B6001B1D74 /* Sources */ = {
			isa = PBXSourcesBuildPhase;
			buildActionMask = 2147483647;
			files = (
				AB31FCC6256170B6001B1D74 /* ViewController.swift in Sources */,
				AB31FCC2256170B6001B1D74 /* AppDelegate.swift in Sources */,
				ABA44C0A2569195C00C71639 /* SignupError.swift in Sources */,
				ABA44C082569191000C71639 /* SignupResponseModel.swift in Sources */,
				AB53CF162562834F00FFA86F /* SignupFormModelValidator.swift in Sources */,
				AB31FCC4256170B6001B1D74 /* SceneDelegate.swift in Sources */,
				ABA44C05256917E400C71639 /* SignupFormRequestModel.swift in Sources */,
				ABA44C032569173900C71639 /* SignupWebService.swift in Sources */,
				AB53CF1825628BEE00FFA86F /* SignupConstant.swift in Sources */,
			);
			runOnlyForDeploymentPostprocessing = 0;
		};
		AB31FCD0256170BC001B1D74 /* Sources */ = {
			isa = PBXSourcesBuildPhase;
			buildActionMask = 2147483647;
			files = (
				ABA44C00256916DE00C71639 /* SignupWebServiceTests.swift in Sources */,
				AB53CF1325625CCA00FFA86F /* SignupFormModelValidatorTests.swift in Sources */,
				AB31FCD9256170BC001B1D74 /* LearnUnitTestingTests.swift in Sources */,
				AB3CB61D2569214000DAC024 /* MockURLProtocol.swift in Sources */,
			);
			runOnlyForDeploymentPostprocessing = 0;
		};
		AB31FCDB256170BC001B1D74 /* Sources */ = {
			isa = PBXSourcesBuildPhase;
			buildActionMask = 2147483647;
			files = (
				AB31FCE4256170BC001B1D74 /* LearnUnitTestingUITests.swift in Sources */,
			);
			runOnlyForDeploymentPostprocessing = 0;
		};
/* End PBXSourcesBuildPhase section */

/* Begin PBXTargetDependency section */
		AB31FCD6256170BC001B1D74 /* PBXTargetDependency */ = {
			isa = PBXTargetDependency;
			target = AB31FCBD256170B6001B1D74 /* LearnUnitTesting */;
			targetProxy = AB31FCD5256170BC001B1D74 /* PBXContainerItemProxy */;
		};
		AB31FCE1256170BC001B1D74 /* PBXTargetDependency */ = {
			isa = PBXTargetDependency;
			target = AB31FCBD256170B6001B1D74 /* LearnUnitTesting */;
			targetProxy = AB31FCE0256170BC001B1D74 /* PBXContainerItemProxy */;
		};
/* End PBXTargetDependency section */

/* Begin PBXVariantGroup section */
		AB31FCC7256170B6001B1D74 /* Main.storyboard */ = {
			isa = PBXVariantGroup;
			children = (
				AB31FCC8256170B6001B1D74 /* Base */,
			);
			name = Main.storyboard;
			sourceTree = "<group>";
		};
		AB31FCCC256170BB001B1D74 /* LaunchScreen.storyboard */ = {
			isa = PBXVariantGroup;
			children = (
				AB31FCCD256170BB001B1D74 /* Base */,
			);
			name = LaunchScreen.storyboard;
			sourceTree = "<group>";
		};
/* End PBXVariantGroup section */

/* Begin XCBuildConfiguration section */
		AB31FCE6256170BC001B1D74 /* Debug */ = {
			isa = XCBuildConfiguration;
			buildSettings = {
				ALWAYS_SEARCH_USER_PATHS = NO;
				CLANG_ANALYZER_NONNULL = YES;
				CLANG_ANALYZER_NUMBER_OBJECT_CONVERSION = YES_AGGRESSIVE;
				CLANG_CXX_LANGUAGE_STANDARD = "gnu++14";
				CLANG_CXX_LIBRARY = "libc++";
				CLANG_ENABLE_MODULES = YES;
				CLANG_ENABLE_OBJC_ARC = YES;
				CLANG_ENABLE_OBJC_WEAK = YES;
				CLANG_WARN_BLOCK_CAPTURE_AUTORELEASING = YES;
				CLANG_WARN_BOOL_CONVERSION = YES;
				CLANG_WARN_COMMA = YES;
				CLANG_WARN_CONSTANT_CONVERSION = YES;
				CLANG_WARN_DEPRECATED_OBJC_IMPLEMENTATIONS = YES;
				CLANG_WARN_DIRECT_OBJC_ISA_USAGE = YES_ERROR;
				CLANG_WARN_DOCUMENTATION_COMMENTS = YES;
				CLANG_WARN_EMPTY_BODY = YES;
				CLANG_WARN_ENUM_CONVERSION = YES;
				CLANG_WARN_INFINITE_RECURSION = YES;
				CLANG_WARN_INT_CONVERSION = YES;
				CLANG_WARN_NON_LITERAL_NULL_CONVERSION = YES;
				CLANG_WARN_OBJC_IMPLICIT_RETAIN_SELF = YES;
				CLANG_WARN_OBJC_LITERAL_CONVERSION = YES;
				CLANG_WARN_OBJC_ROOT_CLASS = YES_ERROR;
				CLANG_WARN_RANGE_LOOP_ANALYSIS = YES;
				CLANG_WARN_STRICT_PROTOTYPES = YES;
				CLANG_WARN_SUSPICIOUS_MOVE = YES;
				CLANG_WARN_UNGUARDED_AVAILABILITY = YES_AGGRESSIVE;
				CLANG_WARN_UNREACHABLE_CODE = YES;
				CLANG_WARN__DUPLICATE_METHOD_MATCH = YES;
				COPY_PHASE_STRIP = NO;
				DEBUG_INFORMATION_FORMAT = dwarf;
				ENABLE_STRICT_OBJC_MSGSEND = YES;
				ENABLE_TESTABILITY = YES;
				GCC_C_LANGUAGE_STANDARD = gnu11;
				GCC_DYNAMIC_NO_PIC = NO;
				GCC_NO_COMMON_BLOCKS = YES;
				GCC_OPTIMIZATION_LEVEL = 0;
				GCC_PREPROCESSOR_DEFINITIONS = (
					"DEBUG=1",
					"$(inherited)",
				);
				GCC_WARN_64_TO_32_BIT_CONVERSION = YES;
				GCC_WARN_ABOUT_RETURN_TYPE = YES_ERROR;
				GCC_WARN_UNDECLARED_SELECTOR = YES;
				GCC_WARN_UNINITIALIZED_AUTOS = YES_AGGRESSIVE;
				GCC_WARN_UNUSED_FUNCTION = YES;
				GCC_WARN_UNUSED_VARIABLE = YES;
				IPHONEOS_DEPLOYMENT_TARGET = 13.6;
				MTL_ENABLE_DEBUG_INFO = INCLUDE_SOURCE;
				MTL_FAST_MATH = YES;
				ONLY_ACTIVE_ARCH = YES;
				SDKROOT = iphoneos;
				SWIFT_ACTIVE_COMPILATION_CONDITIONS = DEBUG;
				SWIFT_OPTIMIZATION_LEVEL = "-Onone";
			};
			name = Debug;
		};
		AB31FCE7256170BC001B1D74 /* Release */ = {
			isa = XCBuildConfiguration;
			buildSettings = {
				ALWAYS_SEARCH_USER_PATHS = NO;
				CLANG_ANALYZER_NONNULL = YES;
				CLANG_ANALYZER_NUMBER_OBJECT_CONVERSION = YES_AGGRESSIVE;
				CLANG_CXX_LANGUAGE_STANDARD = "gnu++14";
				CLANG_CXX_LIBRARY = "libc++";
				CLANG_ENABLE_MODULES = YES;
				CLANG_ENABLE_OBJC_ARC = YES;
				CLANG_ENABLE_OBJC_WEAK = YES;
				CLANG_WARN_BLOCK_CAPTURE_AUTORELEASING = YES;
				CLANG_WARN_BOOL_CONVERSION = YES;
				CLANG_WARN_COMMA = YES;
				CLANG_WARN_CONSTANT_CONVERSION = YES;
				CLANG_WARN_DEPRECATED_OBJC_IMPLEMENTATIONS = YES;
				CLANG_WARN_DIRECT_OBJC_ISA_USAGE = YES_ERROR;
				CLANG_WARN_DOCUMENTATION_COMMENTS = YES;
				CLANG_WARN_EMPTY_BODY = YES;
				CLANG_WARN_ENUM_CONVERSION = YES;
				CLANG_WARN_INFINITE_RECURSION = YES;
				CLANG_WARN_INT_CONVERSION = YES;
				CLANG_WARN_NON_LITERAL_NULL_CONVERSION = YES;
				CLANG_WARN_OBJC_IMPLICIT_RETAIN_SELF = YES;
				CLANG_WARN_OBJC_LITERAL_CONVERSION = YES;
				CLANG_WARN_OBJC_ROOT_CLASS = YES_ERROR;
				CLANG_WARN_RANGE_LOOP_ANALYSIS = YES;
				CLANG_WARN_STRICT_PROTOTYPES = YES;
				CLANG_WARN_SUSPICIOUS_MOVE = YES;
				CLANG_WARN_UNGUARDED_AVAILABILITY = YES_AGGRESSIVE;
				CLANG_WARN_UNREACHABLE_CODE = YES;
				CLANG_WARN__DUPLICATE_METHOD_MATCH = YES;
				COPY_PHASE_STRIP = NO;
				DEBUG_INFORMATION_FORMAT = "dwarf-with-dsym";
				ENABLE_NS_ASSERTIONS = NO;
				ENABLE_STRICT_OBJC_MSGSEND = YES;
				GCC_C_LANGUAGE_STANDARD = gnu11;
				GCC_NO_COMMON_BLOCKS = YES;
				GCC_WARN_64_TO_32_BIT_CONVERSION = YES;
				GCC_WARN_ABOUT_RETURN_TYPE = YES_ERROR;
				GCC_WARN_UNDECLARED_SELECTOR = YES;
				GCC_WARN_UNINITIALIZED_AUTOS = YES_AGGRESSIVE;
				GCC_WARN_UNUSED_FUNCTION = YES;
				GCC_WARN_UNUSED_VARIABLE = YES;
				IPHONEOS_DEPLOYMENT_TARGET = 13.6;
				MTL_ENABLE_DEBUG_INFO = NO;
				MTL_FAST_MATH = YES;
				SDKROOT = iphoneos;
				SWIFT_COMPILATION_MODE = wholemodule;
				SWIFT_OPTIMIZATION_LEVEL = "-O";
				VALIDATE_PRODUCT = YES;
			};
			name = Release;
		};
		AB31FCE9256170BC001B1D74 /* Debug */ = {
			isa = XCBuildConfiguration;
			buildSettings = {
				ASSETCATALOG_COMPILER_APPICON_NAME = AppIcon;
				CODE_SIGN_STYLE = Automatic;
				INFOPLIST_FILE = LearnUnitTesting/Info.plist;
				IPHONEOS_DEPLOYMENT_TARGET = 13.0;
				LD_RUNPATH_SEARCH_PATHS = (
					"$(inherited)",
					"@executable_path/Frameworks",
				);
				PRODUCT_BUNDLE_IDENTIFIER = nabilla.id.LearnUnitTesting;
				PRODUCT_NAME = "$(TARGET_NAME)";
				SWIFT_VERSION = 5.0;
				TARGETED_DEVICE_FAMILY = "1,2";
			};
			name = Debug;
		};
		AB31FCEA256170BC001B1D74 /* Release */ = {
			isa = XCBuildConfiguration;
			buildSettings = {
				ASSETCATALOG_COMPILER_APPICON_NAME = AppIcon;
				CODE_SIGN_STYLE = Automatic;
				INFOPLIST_FILE = LearnUnitTesting/Info.plist;
				IPHONEOS_DEPLOYMENT_TARGET = 13.0;
				LD_RUNPATH_SEARCH_PATHS = (
					"$(inherited)",
					"@executable_path/Frameworks",
				);
				PRODUCT_BUNDLE_IDENTIFIER = nabilla.id.LearnUnitTesting;
				PRODUCT_NAME = "$(TARGET_NAME)";
				SWIFT_VERSION = 5.0;
				TARGETED_DEVICE_FAMILY = "1,2";
			};
			name = Release;
		};
		AB31FCEC256170BC001B1D74 /* Debug */ = {
			isa = XCBuildConfiguration;
			buildSettings = {
				ALWAYS_EMBED_SWIFT_STANDARD_LIBRARIES = YES;
				BUNDLE_LOADER = "$(TEST_HOST)";
				CODE_SIGN_STYLE = Automatic;
				INFOPLIST_FILE = LearnUnitTestingTests/Info.plist;
				IPHONEOS_DEPLOYMENT_TARGET = 13.6;
				LD_RUNPATH_SEARCH_PATHS = (
					"$(inherited)",
					"@executable_path/Frameworks",
					"@loader_path/Frameworks",
				);
				PRODUCT_BUNDLE_IDENTIFIER = nabilla.id.LearnUnitTestingTests;
				PRODUCT_NAME = "$(TARGET_NAME)";
				SWIFT_VERSION = 5.0;
				TARGETED_DEVICE_FAMILY = "1,2";
				TEST_HOST = "$(BUILT_PRODUCTS_DIR)/LearnUnitTesting.app/LearnUnitTesting";
			};
			name = Debug;
		};
		AB31FCED256170BC001B1D74 /* Release */ = {
			isa = XCBuildConfiguration;
			buildSettings = {
				ALWAYS_EMBED_SWIFT_STANDARD_LIBRARIES = YES;
				BUNDLE_LOADER = "$(TEST_HOST)";
				CODE_SIGN_STYLE = Automatic;
				INFOPLIST_FILE = LearnUnitTestingTests/Info.plist;
				IPHONEOS_DEPLOYMENT_TARGET = 13.6;
				LD_RUNPATH_SEARCH_PATHS = (
					"$(inherited)",
					"@executable_path/Frameworks",
					"@loader_path/Frameworks",
				);
				PRODUCT_BUNDLE_IDENTIFIER = nabilla.id.LearnUnitTestingTests;
				PRODUCT_NAME = "$(TARGET_NAME)";
				SWIFT_VERSION = 5.0;
				TARGETED_DEVICE_FAMILY = "1,2";
				TEST_HOST = "$(BUILT_PRODUCTS_DIR)/LearnUnitTesting.app/LearnUnitTesting";
			};
			name = Release;
		};
		AB31FCEF256170BC001B1D74 /* Debug */ = {
			isa = XCBuildConfiguration;
			buildSettings = {
				ALWAYS_EMBED_SWIFT_STANDARD_LIBRARIES = YES;
				CODE_SIGN_STYLE = Automatic;
				INFOPLIST_FILE = LearnUnitTestingUITests/Info.plist;
				LD_RUNPATH_SEARCH_PATHS = (
					"$(inherited)",
					"@executable_path/Frameworks",
					"@loader_path/Frameworks",
				);
				PRODUCT_BUNDLE_IDENTIFIER = nabilla.id.LearnUnitTestingUITests;
				PRODUCT_NAME = "$(TARGET_NAME)";
				SWIFT_VERSION = 5.0;
				TARGETED_DEVICE_FAMILY = "1,2";
				TEST_TARGET_NAME = LearnUnitTesting;
			};
			name = Debug;
		};
		AB31FCF0256170BC001B1D74 /* Release */ = {
			isa = XCBuildConfiguration;
			buildSettings = {
				ALWAYS_EMBED_SWIFT_STANDARD_LIBRARIES = YES;
				CODE_SIGN_STYLE = Automatic;
				INFOPLIST_FILE = LearnUnitTestingUITests/Info.plist;
				LD_RUNPATH_SEARCH_PATHS = (
					"$(inherited)",
					"@executable_path/Frameworks",
					"@loader_path/Frameworks",
				);
				PRODUCT_BUNDLE_IDENTIFIER = nabilla.id.LearnUnitTestingUITests;
				PRODUCT_NAME = "$(TARGET_NAME)";
				SWIFT_VERSION = 5.0;
				TARGETED_DEVICE_FAMILY = "1,2";
				TEST_TARGET_NAME = LearnUnitTesting;
			};
			name = Release;
		};
/* End XCBuildConfiguration section */

/* Begin XCConfigurationList section */
		AB31FCB9256170B6001B1D74 /* Build configuration list for PBXProject "LearnUnitTesting" */ = {
			isa = XCConfigurationList;
			buildConfigurations = (
				AB31FCE6256170BC001B1D74 /* Debug */,
				AB31FCE7256170BC001B1D74 /* Release */,
			);
			defaultConfigurationIsVisible = 0;
			defaultConfigurationName = Release;
		};
		AB31FCE8256170BC001B1D74 /* Build configuration list for PBXNativeTarget "LearnUnitTesting" */ = {
			isa = XCConfigurationList;
			buildConfigurations = (
				AB31FCE9256170BC001B1D74 /* Debug */,
				AB31FCEA256170BC001B1D74 /* Release */,
			);
			defaultConfigurationIsVisible = 0;
			defaultConfigurationName = Release;
		};
		AB31FCEB256170BC001B1D74 /* Build configuration list for PBXNativeTarget "LearnUnitTestingTests" */ = {
			isa = XCConfigurationList;
			buildConfigurations = (
				AB31FCEC256170BC001B1D74 /* Debug */,
				AB31FCED256170BC001B1D74 /* Release */,
			);
			defaultConfigurationIsVisible = 0;
			defaultConfigurationName = Release;
		};
		AB31FCEE256170BC001B1D74 /* Build configuration list for PBXNativeTarget "LearnUnitTestingUITests" */ = {
			isa = XCConfigurationList;
			buildConfigurations = (
				AB31FCEF256170BC001B1D74 /* Debug */,
				AB31FCF0256170BC001B1D74 /* Release */,
			);
			defaultConfigurationIsVisible = 0;
			defaultConfigurationName = Release;
		};
/* End XCConfigurationList section */
	};
	rootObject = AB31FCB6256170B6001B1D74 /* Project object */;
}
